PODS:
  - connectivity_plus (0.0.1):
    - Flutter
    - ReachabilitySwift
  - Flutter (1.0.0)
  - flutter_share (0.0.1):
    - Flutter
  - fluttertoast (0.0.2):
    - Flutter
    - Toast
  - "otp_pin_field (1.2.0+2)":
    - Flutter
  - package_info_plus (0.4.5):
    - Flutter
  - path_provider_foundation (0.0.1):
    - Flutter
    - FlutterMacOS
  - ReachabilitySwift (5.0.0)
  - sensors_plus (0.0.1):
    - Flutter
  - Sentry/HybridSDK (7.31.5)
  - sentry_flutter (0.0.1):
    - Flutter
    - FlutterMacOS
    - Sentry/HybridSDK (= 7.31.5)
  - shared_preferences_foundation (0.0.1):
    - Flutter
    - FlutterMacOS
  - smart_auth (0.0.1):
    - Flutter
  - Toast (4.1.0)
  - url_launcher_ios (0.0.1):
    - Flutter

DEPENDENCIES:
  - connectivity_plus (from `.symlinks/plugins/connectivity_plus/ios`)
  - Flutter (from `Flutter`)
  - flutter_share (from `.symlinks/plugins/flutter_share/ios`)
  - fluttertoast (from `.symlinks/plugins/fluttertoast/ios`)
  - otp_pin_field (from `.symlinks/plugins/otp_pin_field/ios`)
  - package_info_plus (from `.symlinks/plugins/package_info_plus/ios`)
  - path_provider_foundation (from `.symlinks/plugins/path_provider_foundation/darwin`)
  - sensors_plus (from `.symlinks/plugins/sensors_plus/ios`)
  - sentry_flutter (from `.symlinks/plugins/sentry_flutter/ios`)
  - shared_preferences_foundation (from `.symlinks/plugins/shared_preferences_foundation/darwin`)
  - smart_auth (from `.symlinks/plugins/smart_auth/ios`)
  - url_launcher_ios (from `.symlinks/plugins/url_launcher_ios/ios`)

SPEC REPOS:
  trunk:
    - ReachabilitySwift
    - Sentry
    - Toast

EXTERNAL SOURCES:
  connectivity_plus:
    :path: ".symlinks/plugins/connectivity_plus/ios"
  Flutter:
    :path: Flutter
  flutter_share:
    :path: ".symlinks/plugins/flutter_share/ios"
  fluttertoast:
    :path: ".symlinks/plugins/fluttertoast/ios"
  otp_pin_field:
    :path: ".symlinks/plugins/otp_pin_field/ios"
  package_info_plus:
    :path: ".symlinks/plugins/package_info_plus/ios"
  path_provider_foundation:
    :path: ".symlinks/plugins/path_provider_foundation/darwin"
  sensors_plus:
    :path: ".symlinks/plugins/sensors_plus/ios"
  sentry_flutter:
    :path: ".symlinks/plugins/sentry_flutter/ios"
  shared_preferences_foundation:
    :path: ".symlinks/plugins/shared_preferences_foundation/darwin"
  smart_auth:
    :path: ".symlinks/plugins/smart_auth/ios"
  url_launcher_ios:
    :path: ".symlinks/plugins/url_launcher_ios/ios"

SPEC CHECKSUMS:
  connectivity_plus: 413a8857dd5d9f1c399a39130850d02fe0feaf7e
  Flutter: e0871f40cf51350855a761d2e70bf5af5b9b5de7
  flutter_share: 4be0208963c60b537e6255ed2ce1faae61cd9ac2
  fluttertoast: 31b00dabfa7fb7bacd9e7dbee580d7a2ff4bf265
  otp_pin_field: 0f0935fafc56252e6a48a5a045ac689b6bad3857
  package_info_plus: 115f4ad11e0698c8c1c5d8a689390df880f47e85
  path_provider_foundation: 3784922295ac71e43754bd15e0653ccfd36a147c
  ReachabilitySwift: 985039c6f7b23a1da463388634119492ff86c825
  sensors_plus: 5717760720f7e6acd96fdbd75b7428f5ad755ec2
  Sentry: 4c9babff9034785067c896fd580b1f7de44da020
  sentry_flutter: 1346a880b24c0240807b53b10cf50ddad40f504e
  shared_preferences_foundation: b4c3b4cddf1c21f02770737f147a3f5da9d39695
  smart_auth: 4bedbc118723912d0e45a07e8ab34039c19e04f2
  Toast: ec33c32b8688982cecc6348adeae667c1b9938da
  url_launcher_ios: bbd758c6e7f9fd7b5b1d4cde34d2b95fcce5e812

PODFILE CHECKSUM: 819463e6a0290f5a72f145ba7cde16e8b6ef0796

COCOAPODS: 1.15.2
